
Microsoft Visual Studio Solution File, Format Version 12.00
# Visual Studio Version 16
VisualStudioVersion = 16.0.30907.101
MinimumVisualStudioVersion = 10.0.40219.1
Project("{FAE04EC0-301F-11D3-BF4B-00C04F79EFBC}") = "Entities", "Entities\Entities.csproj", "{59CF9AFF-4B59-4E30-A51B-4866D5421E78}"
EndProject
Project("{FAE04EC0-301F-11D3-BF4B-00C04F79EFBC}") = "DataAccess", "DataAccess\DataAccess.csproj", "{48A67E77-334D-4D3E-A937-B252FC5BB4FA}"
EndProject
Project("{FAE04EC0-301F-11D3-BF4B-00C04F79EFBC}") = "Business", "Business\Business.csproj", "{D4A2D694-DDEB-4D12-ABBA-6DD49B6328D1}"
EndProject
Project("{FAE04EC0-301F-11D3-BF4B-00C04F79EFBC}") = "ConsoleUI", "ConsoleUI\ConsoleUI.csproj", "{8A17B4B7-7418-4F47-B719-61EDA518FA8C}"
EndProject
Global
	GlobalSection(SolutionConfigurationPlatforms) = preSolution
		Debug|Any CPU = Debug|Any CPU
		Release|Any CPU = Release|Any CPU
	EndGlobalSection
	GlobalSection(ProjectConfigurationPlatforms) = postSolution
		{59CF9AFF-4B59-4E30-A51B-4866D5421E78}.Debug|Any CPU.ActiveCfg = Debug|Any CPU
		{59CF9AFF-4B59-4E30-A51B-4866D5421E78}.Debug|Any CPU.Build.0 = Debug|Any CPU
		{59CF9AFF-4B59-4E30-A51B-4866D5421E78}.Release|Any CPU.ActiveCfg = Release|Any CPU
		{59CF9AFF-4B59-4E30-A51B-4866D5421E78}.Release|Any CPU.Build.0 = Release|Any CPU
		{48A67E77-334D-4D3E-A937-B252FC5BB4FA}.Debug|Any CPU.ActiveCfg = Debug|Any CPU
		{48A67E77-334D-4D3E-A937-B252FC5BB4FA}.Debug|Any CPU.Build.0 = Debug|Any CPU
		{48A67E77-334D-4D3E-A937-B252FC5BB4FA}.Release|Any CPU.ActiveCfg = Release|Any CPU
		{48A67E77-334D-4D3E-A937-B252FC5BB4FA}.Release|Any CPU.Build.0 = Release|Any CPU
		{D4A2D694-DDEB-4D12-ABBA-6DD49B6328D1}.Debug|Any CPU.ActiveCfg = Debug|Any CPU
		{D4A2D694-DDEB-4D12-ABBA-6DD49B6328D1}.Debug|Any CPU.Build.0 = Debug|Any CPU
		{D4A2D694-DDEB-4D12-ABBA-6DD49B6328D1}.Release|Any CPU.ActiveCfg = Release|Any CPU
		{D4A2D694-DDEB-4D12-ABBA-6DD49B6328D1}.Release|Any CPU.Build.0 = Release|Any CPU
		{8A17B4B7-7418-4F47-B719-61EDA518FA8C}.Debug|Any CPU.ActiveCfg = Debug|Any CPU
		{8A17B4B7-7418-4F47-B719-61EDA518FA8C}.Debug|Any CPU.Build.0 = Debug|Any CPU
		{8A17B4B7-7418-4F47-B719-61EDA518FA8C}.Release|Any CPU.ActiveCfg = Release|Any CPU
		{8A17B4B7-7418-4F47-B719-61EDA518FA8C}.Release|Any CPU.Build.0 = Release|Any CPU
	EndGlobalSection
	GlobalSection(SolutionProperties) = preSolution
		HideSolutionNode = FALSE
	EndGlobalSection
	GlobalSection(ExtensibilityGlobals) = postSolution
		SolutionGuid = {F38C3ADB-BBF2-4B90-8E6A-5136815C0A5F}
	EndGlobalSection
EndGlobal
